{
    "_readme": [
        "This file locks the dependencies of your project to a known state",
        "Read more about it at http://getcomposer.org/doc/01-basic-usage.md#composer-lock-the-lock-file"
    ],
    "hash": "2db805228ec7e5f98172b1ad9bc441a9",
    "packages": [
        {
            "name": "gabordemooij/redbean",
            "version": "v3.5.1",
            "source": {
                "type": "git",
                "url": "https://github.com/gabordemooij/redbean.git",
                "reference": "41bb293e2bc744c150e4ae30e30fb5083e047f53"
            },
            "dist": {
                "type": "zip",
                "url": "https://api.github.com/repos/gabordemooij/redbean/zipball/41bb293e2bc744c150e4ae30e30fb5083e047f53",
                "reference": "41bb293e2bc744c150e4ae30e30fb5083e047f53",
                "shasum": ""
            },
            "require": {
                "php": ">=5.2.0"
            },
            "type": "library",
            "autoload": {
                "psr-0": {
                    "RedBean_": ""
                }
            },
            "notification-url": "https://packagist.org/downloads/",
            "license": [
                "BSD"
            ],
            "authors": [
                {
                    "name": "Gabor de Mooij",
                    "email": "gabordemooij@gmail.com",
                    "homepage": "http://www.redbeanphp.com",
                    "role": "Developer"
                }
            ],
            "description": "Easy ORM for PHP",
            "homepage": "http://github.com/gabordemooij/redbean",
            "keywords": [
                "Object Relational Mapping",
                "orm"
            ],
            "time": "2013-10-30 22:13:02"
        },
        {
            "name": "raveren/kint",
            "version": "dev-master",
            "source": {
                "type": "git",
                "url": "https://github.com/raveren/kint.git",
                "reference": "24a15aa6e666aa9492f4bb43b48a3dbf531014ac"
            },
            "dist": {
                "type": "zip",
                "url": "https://api.github.com/repos/raveren/kint/zipball/24a15aa6e666aa9492f4bb43b48a3dbf531014ac",
                "reference": "24a15aa6e666aa9492f4bb43b48a3dbf531014ac",
                "shasum": ""
            },
            "require": {
                "php": ">=5.2.0"
            },
            "type": "library",
            "autoload": {
                "files": [
                    "Kint.class.php"
                ]
            },
            "notification-url": "https://packagist.org/downloads/",
            "license": [
                "MIT"
            ],
            "authors": [
                {
                    "name": "Rokas Šleinius",
                    "homepage": "https://github.com/raveren"
                },
                {
                    "name": "Contributors",
                    "homepage": "https://github.com/raveren/kint/contributors"
                }
            ],
            "description": "Kint - debugging helper for PHP developers",
            "homepage": "https://github.com/raveren/kint",
            "keywords": [
                "debug",
                "kint",
                "php"
            ],
            "time": "2013-11-04 11:02:37"
        },
        {
            "name": "slim/extras",
            "version": "2.0.3",
            "target-dir": "Slim/Extras",
            "source": {
                "type": "git",
                "url": "https://github.com/codeguy/Slim-Extras.git",
                "reference": "a022ed23dae94e164000acd891e3394d903f9623"
            },
            "dist": {
                "type": "zip",
                "url": "https://api.github.com/repos/codeguy/Slim-Extras/zipball/a022ed23dae94e164000acd891e3394d903f9623",
                "reference": "a022ed23dae94e164000acd891e3394d903f9623",
                "shasum": ""
            },
            "require": {
                "php": ">=5.3.0",
                "slim/slim": ">=2.0.0"
            },
            "type": "library",
            "autoload": {
                "psr-0": {
                    "Twig_Extensions_": "Views/Extension/",
                    "Slim\\Extras": "."
                }
            },
            "notification-url": "https://packagist.org/downloads/",
            "license": [
                "MIT"
            ],
            "authors": [
                {
                    "name": "Andrew Smith",
                    "email": "a.smith@silentworks.co.uk",
                    "homepage": "http://thoughts.silentworks.co.uk/"
                },
                {
                    "name": "Josh Lockhart",
                    "email": "info@joshlockhart.com",
                    "homepage": "http://www.joshlockhart.com/"
                }
            ],
            "description": "Extras package for the Slim Framework",
            "homepage": "http://github.com/codeguy/Slim-Extras",
            "keywords": [
                "extensions",
                "middleware",
                "templating"
            ],
            "time": "2013-01-07 17:56:10"
        },
        {
            "name": "slim/slim",
            "version": "2.3.5",
            "source": {
                "type": "git",
                "url": "https://github.com/codeguy/Slim.git",
                "reference": "3dec4f9ee2e9c204a9f334afd72abc174c1b792e"
            },
            "dist": {
                "type": "zip",
                "url": "https://api.github.com/repos/codeguy/Slim/zipball/3dec4f9ee2e9c204a9f334afd72abc174c1b792e",
                "reference": "3dec4f9ee2e9c204a9f334afd72abc174c1b792e",
                "shasum": ""
            },
            "require": {
                "ext-mcrypt": "*",
                "php": ">=5.3.0"
            },
            "type": "library",
            "autoload": {
                "psr-0": {
                    "Slim": "."
                }
            },
            "notification-url": "https://packagist.org/downloads/",
            "license": [
                "MIT"
            ],
            "authors": [
                {
                    "name": "Josh Lockhart",
                    "email": "info@joshlockhart.com",
                    "homepage": "http://www.joshlockhart.com/"
                }
            ],
            "description": "Slim Framework, a PHP micro framework",
            "homepage": "http://github.com/codeguy/Slim",
            "keywords": [
                "microframework",
                "rest",
                "router"
            ],
            "time": "2013-10-31 02:05:09"
        },
        {
            "name": "slim/views",
            "version": "0.1.0",
            "target-dir": "Slim/Views",
            "source": {
                "type": "git",
                "url": "https://github.com/codeguy/Slim-Views.git",
                "reference": "d5eca1c0932aadf7255d83f3ed02ffc07c3c8297"
            },
            "dist": {
                "type": "zip",
                "url": "https://api.github.com/repos/codeguy/Slim-Views/zipball/d5eca1c0932aadf7255d83f3ed02ffc07c3c8297",
                "reference": "d5eca1c0932aadf7255d83f3ed02ffc07c3c8297",
                "shasum": ""
            },
            "require": {
                "php": ">=5.3.0",
                "slim/slim": ">=2.0.0"
            },
            "type": "library",
            "autoload": {
                "psr-0": {
                    "Slim\\Views": ""
                }
            },
            "notification-url": "https://packagist.org/downloads/",
            "license": [
                "MIT"
            ],
            "authors": [
                {
                    "name": "Andrew Smith",
                    "email": "a.smith@silentworks.co.uk",
                    "homepage": "http://thoughts.silentworks.co.uk/"
                },
                {
                    "name": "Josh Lockhart",
                    "email": "info@joshlockhart.com",
                    "homepage": "http://www.joshlockhart.com/"
                }
            ],
            "description": "Twig View Parser package for the Slim Framework",
            "homepage": "http://github.com/codeguy/Slim-Views",
            "keywords": [
                "extensions",
                "slimphp",
                "templating"
            ],
            "time": "2013-07-10 07:34:17"
        },
        {
            "name": "twig/extensions",
            "version": "v1.0.1",
            "source": {
                "type": "git",
                "url": "https://github.com/fabpot/Twig-extensions.git",
                "reference": "f91a82ec225e5bb108e01a0f93c9be04f84dcfa0"
            },
            "dist": {
                "type": "zip",
                "url": "https://api.github.com/repos/fabpot/Twig-extensions/zipball/f91a82ec225e5bb108e01a0f93c9be04f84dcfa0",
                "reference": "f91a82ec225e5bb108e01a0f93c9be04f84dcfa0",
                "shasum": ""
            },
            "require": {
                "twig/twig": "~1.0"
            },
            "type": "library",
            "extra": {
                "branch-alias": {
                    "dev-master": "1.0.x-dev"
                }
            },
            "autoload": {
                "psr-0": {
                    "Twig_Extensions_": "lib/"
                }
            },
            "notification-url": "https://packagist.org/downloads/",
            "license": [
                "MIT"
            ],
            "authors": [
                {
                    "name": "Fabien Potencier",
                    "email": "fabien@symfony.com"
                }
            ],
            "description": "Common additional features for Twig that do not directly belong in core",
            "homepage": "https://github.com/fabpot/Twig-extensions",
            "keywords": [
                "debug",
                "i18n",
                "text"
            ],
            "time": "2013-10-18 19:37:15"
        },
        {
            "name": "twig/twig",
            "version": "v1.15.0",
            "source": {
                "type": "git",
                "url": "https://github.com/fabpot/Twig.git",
                "reference": "85e4ff98000157ff753d934b9f13659a953f5666"
            },
            "dist": {
                "type": "zip",
                "url": "https://api.github.com/repos/fabpot/Twig/zipball/85e4ff98000157ff753d934b9f13659a953f5666",
                "reference": "85e4ff98000157ff753d934b9f13659a953f5666",
                "shasum": ""
            },
            "require": {
                "php": ">=5.2.4"
            },
            "type": "library",
            "extra": {
                "branch-alias": {
                    "dev-master": "1.15-dev"
                }
            },
            "autoload": {
                "psr-0": {
                    "Twig_": "lib/"
                }
            },
            "notification-url": "https://packagist.org/downloads/",
            "license": [
                "BSD-3-Clause"
            ],
            "authors": [
                {
                    "name": "Fabien Potencier",
                    "email": "fabien@symfony.com"
                },
                {
                    "name": "Armin Ronacher",
                    "email": "armin.ronacher@active-4.com"
                }
            ],
            "description": "Twig, the flexible, fast, and secure template language for PHP",
            "homepage": "http://twig.sensiolabs.org",
            "keywords": [
                "templating"
            ],
            "time": "2013-12-06 07:47:10"
        }
    ],
    "packages-dev": [

    ],
    "aliases": [

    ],
    "minimum-stability": "stable",
    "stability-flags": {
        "raveren/kint": 20
    },
    "platform": {
        "php": ">=5.3.2"
    },
    "platform-dev": [

    ]
}
